
Microsoft Visual Studio Solution File, Format Version 12.00
# Visual Studio 2013
VisualStudioVersion = 12.0.21005.1
MinimumVisualStudioVersion = 10.0.40219.1
Project("{FAE04EC0-301F-11D3-BF4B-00C04F79EFBC}") = "AgileCourses", "AgileCourses\AgileCourses.csproj", "{BCAE6A45-4175-4F60-B67A-F37D1B7BA98A}"
EndProject
Project("{FAE04EC0-301F-11D3-BF4B-00C04F79EFBC}") = "AgileCourses.Tests", "AgileCourses.Tests\AgileCourses.Tests.csproj", "{6451F71D-2991-4D77-B6C9-7CDC8F7E0E68}"
EndProject
Global
	GlobalSection(SolutionConfigurationPlatforms) = preSolution
		Debug|Any CPU = Debug|Any CPU
		Release|Any CPU = Release|Any CPU
	EndGlobalSection
	GlobalSection(ProjectConfigurationPlatforms) = postSolution
		{BCAE6A45-4175-4F60-B67A-F37D1B7BA98A}.Debug|Any CPU.ActiveCfg = Debug|Any CPU
		{BCAE6A45-4175-4F60-B67A-F37D1B7BA98A}.Debug|Any CPU.Build.0 = Debug|Any CPU
		{BCAE6A45-4175-4F60-B67A-F37D1B7BA98A}.Release|Any CPU.ActiveCfg = Release|Any CPU
		{BCAE6A45-4175-4F60-B67A-F37D1B7BA98A}.Release|Any CPU.Build.0 = Release|Any CPU
		{6451F71D-2991-4D77-B6C9-7CDC8F7E0E68}.Debug|Any CPU.ActiveCfg = Debug|Any CPU
		{6451F71D-2991-4D77-B6C9-7CDC8F7E0E68}.Debug|Any CPU.Build.0 = Debug|Any CPU
		{6451F71D-2991-4D77-B6C9-7CDC8F7E0E68}.Release|Any CPU.ActiveCfg = Release|Any CPU
		{6451F71D-2991-4D77-B6C9-7CDC8F7E0E68}.Release|Any CPU.Build.0 = Release|Any CPU
	EndGlobalSection
	GlobalSection(SolutionProperties) = preSolution
		HideSolutionNode = FALSE
	EndGlobalSection
EndGlobal
